
Microsoft Visual Studio Solution File, Format Version 12.00
# Visual Studio Version 17
VisualStudioVersion = 17.11.35312.102
MinimumVisualStudioVersion = 10.0.40219.1
Project("{FAE04EC0-301F-11D3-BF4B-00C04F79EFBC}") = "Manager", "Manager.csproj", "{0FECB5A2-7A6E-4F0F-9EA1-D14A03A9BF62}"
EndProject
Global
	GlobalSection(SolutionConfigurationPlatforms) = preSolution
		Debug|Any CPU = Debug|Any CPU
		Release|Any CPU = Release|Any CPU
	EndGlobalSection
	GlobalSection(ProjectConfigurationPlatforms) = postSolution
		{0FECB5A2-7A6E-4F0F-9EA1-D14A03A9BF62}.Debug|Any CPU.ActiveCfg = Debug|Any CPU
		{0FECB5A2-7A6E-4F0F-9EA1-D14A03A9BF62}.Debug|Any CPU.Build.0 = Debug|Any CPU
		{0FECB5A2-7A6E-4F0F-9EA1-D14A03A9BF62}.Release|Any CPU.ActiveCfg = Release|Any CPU
		{0FECB5A2-7A6E-4F0F-9EA1-D14A03A9BF62}.Release|Any CPU.Build.0 = Release|Any CPU
	EndGlobalSection
	GlobalSection(SolutionProperties) = preSolution
		HideSolutionNode = FALSE
	EndGlobalSection
	GlobalSection(ExtensibilityGlobals) = postSolution
		SolutionGuid = {4CE199D3-AE4F-4871-8B60-83EA6E347F3F}
	EndGlobalSection
EndGlobal
